Microsoft Visual Studio Solution File, Format Version 12.00
# Visual Studio Version 17
VisualStudioVersion = 17.5.2.0
MinimumVisualStudioVersion = 10.0.40219.1
Project("{2150E333-8FDC-42A3-9474-1A3956D46DE8}") = "Linkora-backend", "Linkora-backend", "{7880C9FC-62EB-5C85-6CAD-3C3893EA2F67}"
EndProject
Project("{FAE04EC0-301F-11D3-BF4B-00C04F79EFBC}") = "HappyTails_backend", "Linkora-backend\HappyTails_backend\HappyTails_backend.csproj", "{E81BA29C-0EE8-BF26-FC44-F180A6D9472B}"
EndProject
Global
	GlobalSection(SolutionConfigurationPlatforms) = preSolution
		Debug|Any CPU = Debug|Any CPU
		Release|Any CPU = Release|Any CPU
	EndGlobalSection
	GlobalSection(ProjectConfigurationPlatforms) = postSolution
		{E81BA29C-0EE8-BF26-FC44-F180A6D9472B}.Debug|Any CPU.ActiveCfg = Debug|Any CPU
		{E81BA29C-0EE8-BF26-FC44-F180A6D9472B}.Debug|Any CPU.Build.0 = Debug|Any CPU
		{E81BA29C-0EE8-BF26-FC44-F180A6D9472B}.Release|Any CPU.ActiveCfg = Release|Any CPU
		{E81BA29C-0EE8-BF26-FC44-F180A6D9472B}.Release|Any CPU.Build.0 = Release|Any CPU
	EndGlobalSection
	GlobalSection(SolutionProperties) = preSolution
		HideSolutionNode = FALSE
	EndGlobalSection
	GlobalSection(NestedProjects) = preSolution
		{E81BA29C-0EE8-BF26-FC44-F180A6D9472B} = {7880C9FC-62EB-5C85-6CAD-3C3893EA2F67}
	EndGlobalSection
	GlobalSection(ExtensibilityGlobals) = postSolution
		SolutionGuid = {2136CF80-4073-45FC-B217-3BB5CB7B18DE}
	EndGlobalSection
EndGlobal
